schema: '2.0'
stages:
  preprocess:
    cmd: python3 scripts/preprocess.py
    deps:
    - path: data/raw/data.csv
      hash: md5
      md5: efc2f92c8896ed62e98aafa6de6bb095
      size: 132832
    - path: scripts/preprocess.py
      hash: md5
      md5: b333d0a29d0c2d72d8dc03f50443e76b
      size: 860
    params:
      params.yaml:
        preprocess:
          test_split: 0.2
          random_state: 42
    outs:
    - path: data/processed/test.csv
      hash: md5
      md5: eaa3e674b4083652fab50ad8039a4637
      size: 27616
    - path: data/processed/train.csv
      hash: md5
      md5: d0bd7e230e8c506fee6ad692b07a96f3
      size: 105507
  train:
    cmd: python3 scripts/train.py
    deps:
    - path: data/processed/train.csv
      hash: md5
      md5: d0bd7e230e8c506fee6ad692b07a96f3
      size: 105507
    - path: scripts/train.py
      hash: md5
      md5: c09d3f01b61da1d74dd5db462ef8f6c3
      size: 774
    params:
      params.yaml:
        train:
          n_estimators: 50
          max_depth: 5
          random_state: 42
    outs:
    - path: models/classifier.pkl
      hash: md5
      md5: 933402ee31c51984e7d285d783454a1d
      size: 144445
  evaluate:
    cmd: python3 scripts/evaluate.py
    deps:
    - path: data/processed/test.csv
      hash: md5
      md5: eaa3e674b4083652fab50ad8039a4637
      size: 27616
    - path: models/classifier.pkl
      hash: md5
      md5: 933402ee31c51984e7d285d783454a1d
      size: 144445
    - path: scripts/evaluate.py
      hash: md5
      md5: 61c2161c5c0a6b53183444c9d051f54a
      size: 783
    outs:
    - path: metrics/scores.json
      hash: md5
      md5: f032e9b36227bc1f9a65e39033e50c4e
      size: 129
